// !$*UTF8*$!
{
	archiveVersion = 1;
	classes = {
	};
	objectVersion = 77;
	objects = {

/* Begin PBXBuildFile section */
		01E615EBF7207413282AF29D /* LevelScriptVM.swift in Sources */ = {isa = PBXBuildFile; fileRef = 129A98B13AFB161495B1C646 /* LevelScriptVM.swift */; };
		0251DEA438C860732FDBE0C1 /* BehaviorScriptVM.swift in Sources */ = {isa = PBXBuildFile; fileRef = B0D7787F2A6FB2DF940197F0 /* BehaviorScriptVM.swift */; };
		02E322DA71DC6695775C5D60 /* SwiftGameplay.swift in Sources */ = {isa = PBXBuildFile; fileRef = B9D7C1D74924B6E54317AA49 /* SwiftGameplay.swift */; };
		09C260568C8A5ECD27002AC5 /* AppDelegate.swift in Sources */ = {isa = PBXBuildFile; fileRef = 411AC0D8F5B0500E2A6EBDB8 /* AppDelegate.swift */; };
		0C110C47F377370F18974E8D /* GameViewController.swift in Sources */ = {isa = PBXBuildFile; fileRef = 3D0D54E90FAC1BCA5C415EC5 /* GameViewController.swift */; };
		1000A98A2958DA1238E20A6D /* EngineRuntime.swift in Sources */ = {isa = PBXBuildFile; fileRef = EE4A1DC37EDADFFE2A97B1D1 /* EngineRuntime.swift */; };
		11833E1637F8649E7554B9F6 /* DeterministicPrimitives.swift in Sources */ = {isa = PBXBuildFile; fileRef = 3B2B104890A44531EA2C1009 /* DeterministicPrimitives.swift */; };
		12FFA6069B5EABBA754D6DFF /* SurfaceCollision.swift in Sources */ = {isa = PBXBuildFile; fileRef = 135C103AE0705B71EBE54DC5 /* SurfaceCollision.swift */; };
		139E7960DE4C5B3DA9CE17B8 /* AppleAudioRing.c in Sources */ = {isa = PBXBuildFile; fileRef = A65482BCA2CAF5E37432BD93 /* AppleAudioRing.c */; };
		15156FB40A2F0FB896A7D6EC /* GameView.swift in Sources */ = {isa = PBXBuildFile; fileRef = 92C22E70845A716BECE93CE0 /* GameView.swift */; };
		1519A09FAAD5FD3AB30A5F20 /* OracleTrace.swift in Sources */ = {isa = PBXBuildFile; fileRef = 399C03F347FC9A4D23DFECFD /* OracleTrace.swift */; };
		161305011332BA3EE27E1E02 /* BehaviorScriptContentRuntime.swift in Sources */ = {isa = PBXBuildFile; fileRef = 2190411676111392153CCF14 /* BehaviorScriptContentRuntime.swift */; };
		1A5B675F3BCA09516E82E29E /* GeneratedTrigTables.swift in Sources */ = {isa = PBXBuildFile; fileRef = EDCD11317E7D224F441AAC49 /* GeneratedTrigTables.swift */; };
		1F4EB6331042EECC1AFF0F44 /* ObjectPool.swift in Sources */ = {isa = PBXBuildFile; fileRef = 29E29EEED44FF3034BE40C4C /* ObjectPool.swift */; };
		1FD4FE652AA364FC5084A439 /* ObjectScheduler.swift in Sources */ = {isa = PBXBuildFile; fileRef = D3CC8538BA0A2A1F3C291572 /* ObjectScheduler.swift */; };
		213C0A6E5D88CC7C1405FED4 /* SurfaceCollisionData.swift in Sources */ = {isa = PBXBuildFile; fileRef = 2E23B1C6254504EAE6CE5C01 /* SurfaceCollisionData.swift */; };
		335A496DF3E28E597B73BE28 /* GameplayParity.swift in Sources */ = {isa = PBXBuildFile; fileRef = 26195252708283AFB936E392 /* GameplayParity.swift */; };
		3A185680189903BB0AA43307 /* GeoLayoutContentRuntime.swift in Sources */ = {isa = PBXBuildFile; fileRef = E0DFE9C241FD2761437D593F /* GeoLayoutContentRuntime.swift */; };
		3D45F4E1ED09C5B5EC150CC5 /* ObjectTransform.swift in Sources */ = {isa = PBXBuildFile; fileRef = D4E969DD6A9A905321D1D49C /* ObjectTransform.swift */; };
		4542710AB513728A46A876F6 /* MetalCompilerBridge.m in Sources */ = {isa = PBXBuildFile; fileRef = 1A661430B38AD3D4CDBEE43E /* MetalCompilerBridge.m */; };
		45A81321673F7A9E37884420 /* AppleInputService.swift in Sources */ = {isa = PBXBuildFile; fileRef = C722E3CB84F20BA573CBEDA7 /* AppleInputService.swift */; };
		53B872CB3B81DFEBF260C4C7 /* MarioGeometryInput.swift in Sources */ = {isa = PBXBuildFile; fileRef = B93DAAFB0FF6CAB909448BA5 /* MarioGeometryInput.swift */; };
		59D7CB365C812D63057C71F3 /* LevelScript.swift in Sources */ = {isa = PBXBuildFile; fileRef = AC89F10EF988BEB5D9624D69 /* LevelScript.swift */; };
		5AC207F97EE7FDE864A69891 /* MetalScene.swift in Sources */ = {isa = PBXBuildFile; fileRef = 2F51806EB1BDFCB6963D3C6D /* MetalScene.swift */; };
		862583ABDC99F7D05524622B /* MetalRenderingBridge.swift in Sources */ = {isa = PBXBuildFile; fileRef = 1C1E6EA63844F230101DC36D /* MetalRenderingBridge.swift */; };
		86873A7F75CAAF78C48A991F /* GeoLayout.swift in Sources */ = {isa = PBXBuildFile; fileRef = 34836A16DABAFE021C624BDF /* GeoLayout.swift */; };
		8F2434A3E57287185819D685 /* EngineState.swift in Sources */ = {isa = PBXBuildFile; fileRef = BB40062F0B74B53B43A517BA /* EngineState.swift */; };
		90B7F9D7BD419562B6E7A2F8 /* ContentPackRuntime.swift in Sources */ = {isa = PBXBuildFile; fileRef = 8A6630058727A186889977A1 /* ContentPackRuntime.swift */; };
		946B96572AA7C94347AF500E /* EngineHost.swift in Sources */ = {isa = PBXBuildFile; fileRef = 5C737B1A16857D51F7C7FE7A /* EngineHost.swift */; };
		995DFCE8380C66C51BF326CC /* MetalShaderCompiler.swift in Sources */ = {isa = PBXBuildFile; fileRef = 97BD8678B319AD274378179C /* MetalShaderCompiler.swift */; };
		A03388793B2976FA562FE712 /* AppMain.swift in Sources */ = {isa = PBXBuildFile; fileRef = D5723E1972C2FF3BB21E3A5B /* AppMain.swift */; };
		AB8766F154EC93EAB005D1D2 /* AppleAudioService.m in Sources */ = {isa = PBXBuildFile; fileRef = 328470043E0C3F9278C1A80E /* AppleAudioService.m */; };
		ACF33B54247AD07A6CF477CA /* InputCore.swift in Sources */ = {isa = PBXBuildFile; fileRef = 34FC4CB5301D5EE8E3F19E37 /* InputCore.swift */; };
		AF40398B5A629439B358BCB6 /* SurfacePartition.swift in Sources */ = {isa = PBXBuildFile; fileRef = F0A48044C7446A27CC2578D5 /* SurfacePartition.swift */; };
		B188BC254D2FE77844ADEE0F /* MemoryArena.swift in Sources */ = {isa = PBXBuildFile; fileRef = A25BB84567898B7DD0F01721 /* MemoryArena.swift */; };
		B4686DF5DFEC2DA43F411A67 /* ContentPack.swift in Sources */ = {isa = PBXBuildFile; fileRef = F3F0AEF5342F3B329237DD66 /* ContentPack.swift */; };
		CB3553C39D0C497999D86A31 /* MetalRenderer.swift in Sources */ = {isa = PBXBuildFile; fileRef = 386378DD6ECB9F78AC003073 /* MetalRenderer.swift */; };
		CFF98EAAB1C2B379F37CB33B /* EngineAuthority.swift in Sources */ = {isa = PBXBuildFile; fileRef = 6291FCF691572C0089D6194D /* EngineAuthority.swift */; };
		D65F07ACB7B0E4429D8D1086 /* ObjectSnapshot.swift in Sources */ = {isa = PBXBuildFile; fileRef = B66C2AFF387E6991F0587F1D /* ObjectSnapshot.swift */; };
		E00BF690CC0240E3397ECB1A /* MarioInputCore.swift in Sources */ = {isa = PBXBuildFile; fileRef = 0C50416E3A3BDC9F17816FA9 /* MarioInputCore.swift */; };
		E1175BF134A324D0B19B7F56 /* OracleTraceSession.swift in Sources */ = {isa = PBXBuildFile; fileRef = 1F1CDC9A691A6D703E79DDA8 /* OracleTraceSession.swift */; };
		ED15CCFF909BC5D6F373EB98 /* FixedStepScheduler.swift in Sources */ = {isa = PBXBuildFile; fileRef = A1E1D86482A6D2F04696270D /* FixedStepScheduler.swift */; };
		FB22662CA7B17B0C861D757E /* BehaviorScript.swift in Sources */ = {isa = PBXBuildFile; fileRef = D6B1983ADD652967A0372D10 /* BehaviorScript.swift */; };
		FDFB158F79EC6A450D735577 /* LevelScriptContentRuntime.swift in Sources */ = {isa = PBXBuildFile; fileRef = 2502E53A81CD7DB8511D1D97 /* LevelScriptContentRuntime.swift */; };
/* End PBXBuildFile section */

/* Begin PBXFileReference section */
		0C50416E3A3BDC9F17816FA9 /* MarioInputCore.swift */ = {isa = PBXFileReference; lastKnownFileType = sourcecode.swift; path = MarioInputCore.swift; sourceTree = "<group>"; };
		129A98B13AFB161495B1C646 /* LevelScriptVM.swift */ = {isa = PBXFileReference; lastKnownFileType = sourcecode.swift; path = LevelScriptVM.swift; sourceTree = "<group>"; };
		135C103AE0705B71EBE54DC5 /* SurfaceCollision.swift */ = {isa = PBXFileReference; lastKnownFileType = sourcecode.swift; path = SurfaceCollision.swift; sourceTree = "<group>"; };
		1A661430B38AD3D4CDBEE43E /* MetalCompilerBridge.m */ = {isa = PBXFileReference; lastKnownFileType = sourcecode.c.objc; path = MetalCompilerBridge.m; sourceTree = "<group>"; };
		1C1E6EA63844F230101DC36D /* MetalRenderingBridge.swift */ = {isa = PBXFileReference; lastKnownFileType = sourcecode.swift; path = MetalRenderingBridge.swift; sourceTree = "<group>"; };
		1F1CDC9A691A6D703E79DDA8 /* OracleTraceSession.swift */ = {isa = PBXFileReference; lastKnownFileType = sourcecode.swift; path = OracleTraceSession.swift; sourceTree = "<group>"; };
		2190411676111392153CCF14 /* BehaviorScriptContentRuntime.swift */ = {isa = PBXFileReference; lastKnownFileType = sourcecode.swift; path = BehaviorScriptContentRuntime.swift; sourceTree = "<group>"; };
		2502E53A81CD7DB8511D1D97 /* LevelScriptContentRuntime.swift */ = {isa = PBXFileReference; lastKnownFileType = sourcecode.swift; path = LevelScriptContentRuntime.swift; sourceTree = "<group>"; };
		26195252708283AFB936E392 /* GameplayParity.swift */ = {isa = PBXFileReference; lastKnownFileType = sourcecode.swift; path = GameplayParity.swift; sourceTree = "<group>"; };
		29E29EEED44FF3034BE40C4C /* ObjectPool.swift */ = {isa = PBXFileReference; lastKnownFileType = sourcecode.swift; path = ObjectPool.swift; sourceTree = "<group>"; };
		2CA0E28C4E523ADAE015243F /* MetalCompilerBridge.h */ = {isa = PBXFileReference; lastKnownFileType = sourcecode.c.h; path = MetalCompilerBridge.h; sourceTree = "<group>"; };
		2E23B1C6254504EAE6CE5C01 /* SurfaceCollisionData.swift */ = {isa = PBXFileReference; lastKnownFileType = sourcecode.swift; path = SurfaceCollisionData.swift; sourceTree = "<group>"; };
		2F51806EB1BDFCB6963D3C6D /* MetalScene.swift */ = {isa = PBXFileReference; lastKnownFileType = sourcecode.swift; path = MetalScene.swift; sourceTree = "<group>"; };
		328470043E0C3F9278C1A80E /* AppleAudioService.m */ = {isa = PBXFileReference; lastKnownFileType = sourcecode.c.objc; path = AppleAudioService.m; sourceTree = "<group>"; };
		34836A16DABAFE021C624BDF /* GeoLayout.swift */ = {isa = PBXFileReference; lastKnownFileType = sourcecode.swift; path = GeoLayout.swift; sourceTree = "<group>"; };
		34FC4CB5301D5EE8E3F19E37 /* InputCore.swift */ = {isa = PBXFileReference; lastKnownFileType = sourcecode.swift; path = InputCore.swift; sourceTree = "<group>"; };
		386378DD6ECB9F78AC003073 /* MetalRenderer.swift */ = {isa = PBXFileReference; lastKnownFileType = sourcecode.swift; path = MetalRenderer.swift; sourceTree = "<group>"; };
		399C03F347FC9A4D23DFECFD /* OracleTrace.swift */ = {isa = PBXFileReference; lastKnownFileType = sourcecode.swift; path = OracleTrace.swift; sourceTree = "<group>"; };
		3B2B104890A44531EA2C1009 /* DeterministicPrimitives.swift */ = {isa = PBXFileReference; lastKnownFileType = sourcecode.swift; path = DeterministicPrimitives.swift; sourceTree = "<group>"; };
		3D0D54E90FAC1BCA5C415EC5 /* GameViewController.swift */ = {isa = PBXFileReference; lastKnownFileType = sourcecode.swift; path = GameViewController.swift; sourceTree = "<group>"; };
		411AC0D8F5B0500E2A6EBDB8 /* AppDelegate.swift */ = {isa = PBXFileReference; lastKnownFileType = sourcecode.swift; path = AppDelegate.swift; sourceTree = "<group>"; };
		5C737B1A16857D51F7C7FE7A /* EngineHost.swift */ = {isa = PBXFileReference; lastKnownFileType = sourcecode.swift; path = EngineHost.swift; sourceTree = "<group>"; };
		6291FCF691572C0089D6194D /* EngineAuthority.swift */ = {isa = PBXFileReference; lastKnownFileType = sourcecode.swift; path = EngineAuthority.swift; sourceTree = "<group>"; };
		667A1B033CC8327F1ED88206 /* SM64ModernDebug.entitlements */ = {isa = PBXFileReference; lastKnownFileType = text.plist.entitlements; path = SM64ModernDebug.entitlements; sourceTree = "<group>"; };
		7316D473A3C5C7E718C32B2E /* AppleAudioRing.h */ = {isa = PBXFileReference; lastKnownFileType = sourcecode.c.h; path = AppleAudioRing.h; sourceTree = "<group>"; };
		8A6630058727A186889977A1 /* ContentPackRuntime.swift */ = {isa = PBXFileReference; lastKnownFileType = sourcecode.swift; path = ContentPackRuntime.swift; sourceTree = "<group>"; };
		92C22E70845A716BECE93CE0 /* GameView.swift */ = {isa = PBXFileReference; lastKnownFileType = sourcecode.swift; path = GameView.swift; sourceTree = "<group>"; };
		97BD8678B319AD274378179C /* MetalShaderCompiler.swift */ = {isa = PBXFileReference; lastKnownFileType = sourcecode.swift; path = MetalShaderCompiler.swift; sourceTree = "<group>"; };
		A1E1D86482A6D2F04696270D /* FixedStepScheduler.swift */ = {isa = PBXFileReference; lastKnownFileType = sourcecode.swift; path = FixedStepScheduler.swift; sourceTree = "<group>"; };
		A25BB84567898B7DD0F01721 /* MemoryArena.swift */ = {isa = PBXFileReference; lastKnownFileType = sourcecode.swift; path = MemoryArena.swift; sourceTree = "<group>"; };
		A65482BCA2CAF5E37432BD93 /* AppleAudioRing.c */ = {isa = PBXFileReference; lastKnownFileType = sourcecode.c.c; path = AppleAudioRing.c; sourceTree = "<group>"; };
		AC89F10EF988BEB5D9624D69 /* LevelScript.swift */ = {isa = PBXFileReference; lastKnownFileType = sourcecode.swift; path = LevelScript.swift; sourceTree = "<group>"; };
		B0D7787F2A6FB2DF940197F0 /* BehaviorScriptVM.swift */ = {isa = PBXFileReference; lastKnownFileType = sourcecode.swift; path = BehaviorScriptVM.swift; sourceTree = "<group>"; };
		B66C2AFF387E6991F0587F1D /* ObjectSnapshot.swift */ = {isa = PBXFileReference; lastKnownFileType = sourcecode.swift; path = ObjectSnapshot.swift; sourceTree = "<group>"; };
		B93DAAFB0FF6CAB909448BA5 /* MarioGeometryInput.swift */ = {isa = PBXFileReference; lastKnownFileType = sourcecode.swift; path = MarioGeometryInput.swift; sourceTree = "<group>"; };
		B9D7C1D74924B6E54317AA49 /* SwiftGameplay.swift */ = {isa = PBXFileReference; lastKnownFileType = sourcecode.swift; path = SwiftGameplay.swift; sourceTree = "<group>"; };
		BB40062F0B74B53B43A517BA /* EngineState.swift */ = {isa = PBXFileReference; lastKnownFileType = sourcecode.swift; path = EngineState.swift; sourceTree = "<group>"; };
		C722E3CB84F20BA573CBEDA7 /* AppleInputService.swift */ = {isa = PBXFileReference; lastKnownFileType = sourcecode.swift; path = AppleInputService.swift; sourceTree = "<group>"; };
		CB4ABB8191E695DB49D9CF9E /* AppleAudioService.h */ = {isa = PBXFileReference; lastKnownFileType = sourcecode.c.h; path = AppleAudioService.h; sourceTree = "<group>"; };
		D3CC8538BA0A2A1F3C291572 /* ObjectScheduler.swift */ = {isa = PBXFileReference; lastKnownFileType = sourcecode.swift; path = ObjectScheduler.swift; sourceTree = "<group>"; };
		D4E969DD6A9A905321D1D49C /* ObjectTransform.swift */ = {isa = PBXFileReference; lastKnownFileType = sourcecode.swift; path = ObjectTransform.swift; sourceTree = "<group>"; };
		D5723E1972C2FF3BB21E3A5B /* AppMain.swift */ = {isa = PBXFileReference; lastKnownFileType = sourcecode.swift; path = AppMain.swift; sourceTree = "<group>"; };
		D6B1983ADD652967A0372D10 /* BehaviorScript.swift */ = {isa = PBXFileReference; lastKnownFileType = sourcecode.swift; path = BehaviorScript.swift; sourceTree = "<group>"; };
		D8F9722E9A2207BC558A3023 /* SM64Modern.app */ = {isa = PBXFileReference; explicitFileType = wrapper.application; includeInIndex = 0; path = SM64Modern.app; sourceTree = BUILT_PRODUCTS_DIR; };
		E0DFE9C241FD2761437D593F /* GeoLayoutContentRuntime.swift */ = {isa = PBXFileReference; lastKnownFileType = sourcecode.swift; path = GeoLayoutContentRuntime.swift; sourceTree = "<group>"; };
		EDCD11317E7D224F441AAC49 /* GeneratedTrigTables.swift */ = {isa = PBXFileReference; lastKnownFileType = sourcecode.swift; path = GeneratedTrigTables.swift; sourceTree = "<group>"; };
		EE4A1DC37EDADFFE2A97B1D1 /* EngineRuntime.swift */ = {isa = PBXFileReference; lastKnownFileType = sourcecode.swift; path = EngineRuntime.swift; sourceTree = "<group>"; };
		F0A48044C7446A27CC2578D5 /* SurfacePartition.swift */ = {isa = PBXFileReference; lastKnownFileType = sourcecode.swift; path = SurfacePartition.swift; sourceTree = "<group>"; };
		F3F0AEF5342F3B329237DD66 /* ContentPack.swift */ = {isa = PBXFileReference; lastKnownFileType = sourcecode.swift; path = ContentPack.swift; sourceTree = "<group>"; };
/* End PBXFileReference section */

/* Begin PBXGroup section */
		2542A42FB0257D1E6579F8F9 /* SM64Modern */ = {
			isa = PBXGroup;
			children = (
				411AC0D8F5B0500E2A6EBDB8 /* AppDelegate.swift */,
				A65482BCA2CAF5E37432BD93 /* AppleAudioRing.c */,
				7316D473A3C5C7E718C32B2E /* AppleAudioRing.h */,
				CB4ABB8191E695DB49D9CF9E /* AppleAudioService.h */,
				328470043E0C3F9278C1A80E /* AppleAudioService.m */,
				C722E3CB84F20BA573CBEDA7 /* AppleInputService.swift */,
				D5723E1972C2FF3BB21E3A5B /* AppMain.swift */,
				D6B1983ADD652967A0372D10 /* BehaviorScript.swift */,
				2190411676111392153CCF14 /* BehaviorScriptContentRuntime.swift */,
				B0D7787F2A6FB2DF940197F0 /* BehaviorScriptVM.swift */,
				F3F0AEF5342F3B329237DD66 /* ContentPack.swift */,
				8A6630058727A186889977A1 /* ContentPackRuntime.swift */,
				3B2B104890A44531EA2C1009 /* DeterministicPrimitives.swift */,
				6291FCF691572C0089D6194D /* EngineAuthority.swift */,
				5C737B1A16857D51F7C7FE7A /* EngineHost.swift */,
				EE4A1DC37EDADFFE2A97B1D1 /* EngineRuntime.swift */,
				BB40062F0B74B53B43A517BA /* EngineState.swift */,
				A1E1D86482A6D2F04696270D /* FixedStepScheduler.swift */,
				26195252708283AFB936E392 /* GameplayParity.swift */,
				92C22E70845A716BECE93CE0 /* GameView.swift */,
				3D0D54E90FAC1BCA5C415EC5 /* GameViewController.swift */,
				EDCD11317E7D224F441AAC49 /* GeneratedTrigTables.swift */,
				34836A16DABAFE021C624BDF /* GeoLayout.swift */,
				E0DFE9C241FD2761437D593F /* GeoLayoutContentRuntime.swift */,
				34FC4CB5301D5EE8E3F19E37 /* InputCore.swift */,
				AC89F10EF988BEB5D9624D69 /* LevelScript.swift */,
				2502E53A81CD7DB8511D1D97 /* LevelScriptContentRuntime.swift */,
				129A98B13AFB161495B1C646 /* LevelScriptVM.swift */,
				B93DAAFB0FF6CAB909448BA5 /* MarioGeometryInput.swift */,
				0C50416E3A3BDC9F17816FA9 /* MarioInputCore.swift */,
				A25BB84567898B7DD0F01721 /* MemoryArena.swift */,
				2CA0E28C4E523ADAE015243F /* MetalCompilerBridge.h */,
				1A661430B38AD3D4CDBEE43E /* MetalCompilerBridge.m */,
				386378DD6ECB9F78AC003073 /* MetalRenderer.swift */,
				1C1E6EA63844F230101DC36D /* MetalRenderingBridge.swift */,
				2F51806EB1BDFCB6963D3C6D /* MetalScene.swift */,
				97BD8678B319AD274378179C /* MetalShaderCompiler.swift */,
				29E29EEED44FF3034BE40C4C /* ObjectPool.swift */,
				D3CC8538BA0A2A1F3C291572 /* ObjectScheduler.swift */,
				B66C2AFF387E6991F0587F1D /* ObjectSnapshot.swift */,
				D4E969DD6A9A905321D1D49C /* ObjectTransform.swift */,
				399C03F347FC9A4D23DFECFD /* OracleTrace.swift */,
				1F1CDC9A691A6D703E79DDA8 /* OracleTraceSession.swift */,
				667A1B033CC8327F1ED88206 /* SM64ModernDebug.entitlements */,
				135C103AE0705B71EBE54DC5 /* SurfaceCollision.swift */,
				2E23B1C6254504EAE6CE5C01 /* SurfaceCollisionData.swift */,
				F0A48044C7446A27CC2578D5 /* SurfacePartition.swift */,
				B9D7C1D74924B6E54317AA49 /* SwiftGameplay.swift */,
			);
			path = SM64Modern;
			sourceTree = "<group>";
		};
		74EC9C8345D7AA259E2135DF /* Products */ = {
			isa = PBXGroup;
			children = (
				D8F9722E9A2207BC558A3023 /* SM64Modern.app */,
			);
			name = Products;
			sourceTree = "<group>";
		};
		DCCCB04EE330DDEDD0637498 = {
			isa = PBXGroup;
			children = (
				2542A42FB0257D1E6579F8F9 /* SM64Modern */,
				74EC9C8345D7AA259E2135DF /* Products */,
			);
			sourceTree = "<group>";
		};
/* End PBXGroup section */

/* Begin PBXNativeTarget section */
		66E79F8076D906ADA36BB77F /* SM64Modern */ = {
			isa = PBXNativeTarget;
			buildConfigurationList = 0291C32FEC431797F057E6BB /* Build configuration list for PBXNativeTarget "SM64Modern" */;
			buildPhases = (
				4286B0354A5C4230F3E01AEC /* Build Native SM64 Core */,
				A1C26A062F1F187477AA18F4 /* Sources */,
			);
			buildRules = (
			);
			dependencies = (
			);
			name = SM64Modern;
			packageProductDependencies = (
			);
			productName = SM64Modern;
			productReference = D8F9722E9A2207BC558A3023 /* SM64Modern.app */;
			productType = "com.apple.product-type.application";
		};
/* End PBXNativeTarget section */

/* Begin PBXProject section */
		823DF4AAD95878A8794A3A5B /* Project object */ = {
			isa = PBXProject;
			attributes = {
				BuildIndependentTargetsInParallel = YES;
				LastUpgradeCheck = 1430;
				TargetAttributes = {
					66E79F8076D906ADA36BB77F = {
						ProvisioningStyle = Manual;
					};
				};
			};
			buildConfigurationList = 4D13C784B72164008977D3D3 /* Build configuration list for PBXProject "SM64Modern" */;
			developmentRegion = en;
			hasScannedForEncodings = 0;
			knownRegions = (
				Base,
				en,
			);
			mainGroup = DCCCB04EE330DDEDD0637498;
			minimizedProjectReferenceProxies = 1;
			preferredProjectObjectVersion = 77;
			productRefGroup = 74EC9C8345D7AA259E2135DF /* Products */;
			projectDirPath = "";
			projectRoot = "";
			targets = (
				66E79F8076D906ADA36BB77F /* SM64Modern */,
			);
		};
/* End PBXProject section */

/* Begin PBXShellScriptBuildPhase section */
		4286B0354A5C4230F3E01AEC /* Build Native SM64 Core */ = {
			isa = PBXShellScriptBuildPhase;
			alwaysOutOfDate = 1;
			buildActionMask = 2147483647;
			files = (
			);
			inputFileListPaths = (
			);
			inputPaths = (
			);
			name = "Build Native SM64 Core";
			outputFileListPaths = (
			);
			outputPaths = (
			);
			runOnlyForDeploymentPostprocessing = 0;
			shellPath = /bin/sh;
			shellScript = "\"$SRCROOT/script/build_native_core.sh\" \"$CONFIGURATION\"";
		};
/* End PBXShellScriptBuildPhase section */

/* Begin PBXSourcesBuildPhase section */
		A1C26A062F1F187477AA18F4 /* Sources */ = {
			isa = PBXSourcesBuildPhase;
			buildActionMask = 2147483647;
			files = (
				09C260568C8A5ECD27002AC5 /* AppDelegate.swift in Sources */,
				A03388793B2976FA562FE712 /* AppMain.swift in Sources */,
				139E7960DE4C5B3DA9CE17B8 /* AppleAudioRing.c in Sources */,
				AB8766F154EC93EAB005D1D2 /* AppleAudioService.m in Sources */,
				45A81321673F7A9E37884420 /* AppleInputService.swift in Sources */,
				FB22662CA7B17B0C861D757E /* BehaviorScript.swift in Sources */,
				161305011332BA3EE27E1E02 /* BehaviorScriptContentRuntime.swift in Sources */,
				0251DEA438C860732FDBE0C1 /* BehaviorScriptVM.swift in Sources */,
				B4686DF5DFEC2DA43F411A67 /* ContentPack.swift in Sources */,
				90B7F9D7BD419562B6E7A2F8 /* ContentPackRuntime.swift in Sources */,
				11833E1637F8649E7554B9F6 /* DeterministicPrimitives.swift in Sources */,
				CFF98EAAB1C2B379F37CB33B /* EngineAuthority.swift in Sources */,
				946B96572AA7C94347AF500E /* EngineHost.swift in Sources */,
				1000A98A2958DA1238E20A6D /* EngineRuntime.swift in Sources */,
				8F2434A3E57287185819D685 /* EngineState.swift in Sources */,
				ED15CCFF909BC5D6F373EB98 /* FixedStepScheduler.swift in Sources */,
				15156FB40A2F0FB896A7D6EC /* GameView.swift in Sources */,
				0C110C47F377370F18974E8D /* GameViewController.swift in Sources */,
				335A496DF3E28E597B73BE28 /* GameplayParity.swift in Sources */,
				1A5B675F3BCA09516E82E29E /* GeneratedTrigTables.swift in Sources */,
				86873A7F75CAAF78C48A991F /* GeoLayout.swift in Sources */,
				3A185680189903BB0AA43307 /* GeoLayoutContentRuntime.swift in Sources */,
				ACF33B54247AD07A6CF477CA /* InputCore.swift in Sources */,
				59D7CB365C812D63057C71F3 /* LevelScript.swift in Sources */,
				FDFB158F79EC6A450D735577 /* LevelScriptContentRuntime.swift in Sources */,
				01E615EBF7207413282AF29D /* LevelScriptVM.swift in Sources */,
				53B872CB3B81DFEBF260C4C7 /* MarioGeometryInput.swift in Sources */,
				E00BF690CC0240E3397ECB1A /* MarioInputCore.swift in Sources */,
				B188BC254D2FE77844ADEE0F /* MemoryArena.swift in Sources */,
				4542710AB513728A46A876F6 /* MetalCompilerBridge.m in Sources */,
				CB3553C39D0C497999D86A31 /* MetalRenderer.swift in Sources */,
				862583ABDC99F7D05524622B /* MetalRenderingBridge.swift in Sources */,
				5AC207F97EE7FDE864A69891 /* MetalScene.swift in Sources */,
				995DFCE8380C66C51BF326CC /* MetalShaderCompiler.swift in Sources */,
				1F4EB6331042EECC1AFF0F44 /* ObjectPool.swift in Sources */,
				1FD4FE652AA364FC5084A439 /* ObjectScheduler.swift in Sources */,
				D65F07ACB7B0E4429D8D1086 /* ObjectSnapshot.swift in Sources */,
				3D45F4E1ED09C5B5EC150CC5 /* ObjectTransform.swift in Sources */,
				1519A09FAAD5FD3AB30A5F20 /* OracleTrace.swift in Sources */,
				E1175BF134A324D0B19B7F56 /* OracleTraceSession.swift in Sources */,
				12FFA6069B5EABBA754D6DFF /* SurfaceCollision.swift in Sources */,
				213C0A6E5D88CC7C1405FED4 /* SurfaceCollisionData.swift in Sources */,
				AF40398B5A629439B358BCB6 /* SurfacePartition.swift in Sources */,
				02E322DA71DC6695775C5D60 /* SwiftGameplay.swift in Sources */,
			);
			runOnlyForDeploymentPostprocessing = 0;
		};
/* End PBXSourcesBuildPhase section */

/* Begin XCBuildConfiguration section */
		32A1EB679CDFE0E5553F57C6 /* Debug */ = {
			isa = XCBuildConfiguration;
			buildSettings = {
				ASSETCATALOG_COMPILER_APPICON_NAME = AppIcon;
				CODE_SIGN_ENTITLEMENTS = SM64Modern/SM64ModernDebug.entitlements;
				COMBINE_HIDPI_IMAGES = YES;
				GCC_OPTIMIZATION_LEVEL = 0;
				GENERATE_INFOPLIST_FILE = NO;
				HEADER_SEARCH_PATHS = (
					"$(inherited)",
					"$(SRCROOT)/include",
					"$(SRCROOT)/src",
				);
				INFOPLIST_FILE = SM64Modern/Info.plist;
				LD_RUNPATH_SEARCH_PATHS = (
					"$(inherited)",
					"@executable_path/../Frameworks",
				);
				MACOSX_DEPLOYMENT_TARGET = 27.0;
				OTHER_LDFLAGS = (
					"$(inherited)",
					"$(SRCROOT)/build/sm64-modern-debug/us_pc/libsm64core.a",
					"-lm",
					"-lpthread",
				);
				PRODUCT_BUNDLE_IDENTIFIER = io.github.deestiz.sm64modern;
				PRODUCT_NAME = "SM64 Modern";
				SDKROOT = macosx;
			};
			name = Debug;
		};
		70CBCE948286BDD10EA36C5B /* Release */ = {
			isa = XCBuildConfiguration;
			buildSettings = {
				ALWAYS_SEARCH_USER_PATHS = NO;
				ARCHS = arm64;
				CLANG_ANALYZER_NONNULL = YES;
				CLANG_ANALYZER_NUMBER_OBJECT_CONVERSION = YES_AGGRESSIVE;
				CLANG_CXX_LANGUAGE_STANDARD = "gnu++14";
				CLANG_CXX_LIBRARY = "libc++";
				CLANG_ENABLE_MODULES = YES;
				CLANG_ENABLE_OBJC_ARC = YES;
				CLANG_ENABLE_OBJC_WEAK = YES;
				CLANG_WARN_BLOCK_CAPTURE_AUTORELEASING = YES;
				CLANG_WARN_BOOL_CONVERSION = YES;
				CLANG_WARN_COMMA = YES;
				CLANG_WARN_CONSTANT_CONVERSION = YES;
				CLANG_WARN_DEPRECATED_OBJC_IMPLEMENTATIONS = YES;
				CLANG_WARN_DIRECT_OBJC_ISA_USAGE = YES_ERROR;
				CLANG_WARN_DOCUMENTATION_COMMENTS = YES;
				CLANG_WARN_EMPTY_BODY = YES;
				CLANG_WARN_ENUM_CONVERSION = YES;
				CLANG_WARN_INFINITE_RECURSION = YES;
				CLANG_WARN_INT_CONVERSION = YES;
				CLANG_WARN_NON_LITERAL_NULL_CONVERSION = YES;
				CLANG_WARN_OBJC_IMPLICIT_RETAIN_SELF = YES;
				CLANG_WARN_OBJC_LITERAL_CONVERSION = YES;
				CLANG_WARN_OBJC_ROOT_CLASS = YES_ERROR;
				CLANG_WARN_QUOTED_INCLUDE_IN_FRAMEWORK_HEADER = YES;
				CLANG_WARN_RANGE_LOOP_ANALYSIS = YES;
				CLANG_WARN_STRICT_PROTOTYPES = YES;
				CLANG_WARN_SUSPICIOUS_MOVE = YES;
				CLANG_WARN_UNGUARDED_AVAILABILITY = YES_AGGRESSIVE;
				CLANG_WARN_UNREACHABLE_CODE = YES;
				CLANG_WARN__DUPLICATE_METHOD_MATCH = YES;
				CODE_SIGNING_ALLOWED = NO;
				CODE_SIGN_IDENTITY = "Apple Development";
				CODE_SIGN_STYLE = Manual;
				COPY_PHASE_STRIP = NO;
				DEBUG_INFORMATION_FORMAT = "dwarf-with-dsym";
				ENABLE_HARDENED_RUNTIME = YES;
				ENABLE_NS_ASSERTIONS = NO;
				ENABLE_STRICT_OBJC_MSGSEND = YES;
				GCC_C_LANGUAGE_STANDARD = gnu11;
				GCC_NO_COMMON_BLOCKS = YES;
				GCC_WARN_64_TO_32_BIT_CONVERSION = YES;
				GCC_WARN_ABOUT_RETURN_TYPE = YES_ERROR;
				GCC_WARN_UNDECLARED_SELECTOR = YES;
				GCC_WARN_UNINITIALIZED_AUTOS = YES_AGGRESSIVE;
				GCC_WARN_UNUSED_FUNCTION = YES;
				GCC_WARN_UNUSED_VARIABLE = YES;
				MACOSX_DEPLOYMENT_TARGET = 27.0;
				MTL_ENABLE_DEBUG_INFO = NO;
				MTL_FAST_MATH = YES;
				ONLY_ACTIVE_ARCH = YES;
				PRODUCT_NAME = "$(TARGET_NAME)";
				SDKROOT = macosx;
				SWIFT_COMPILATION_MODE = wholemodule;
				SWIFT_OBJC_BRIDGING_HEADER = "SM64Modern/SM64Modern-Bridging-Header.h";
				SWIFT_OPTIMIZATION_LEVEL = "-O";
				SWIFT_STRICT_CONCURRENCY = complete;
				SWIFT_VERSION = 6.0;
			};
			name = Release;
		};
		9AFC102CE3ADA12B926CEE29 /* Release */ = {
			isa = XCBuildConfiguration;
			buildSettings = {
				ASSETCATALOG_COMPILER_APPICON_NAME = AppIcon;
				CODE_SIGN_ENTITLEMENTS = SM64Modern/SM64Modern.entitlements;
				COMBINE_HIDPI_IMAGES = YES;
				GENERATE_INFOPLIST_FILE = NO;
				HEADER_SEARCH_PATHS = (
					"$(inherited)",
					"$(SRCROOT)/include",
					"$(SRCROOT)/src",
				);
				INFOPLIST_FILE = SM64Modern/Info.plist;
				LD_RUNPATH_SEARCH_PATHS = (
					"$(inherited)",
					"@executable_path/../Frameworks",
				);
				MACOSX_DEPLOYMENT_TARGET = 27.0;
				OTHER_LDFLAGS = (
					"$(inherited)",
					"$(SRCROOT)/build/sm64-modern-release/us_pc/libsm64core.a",
					"-lm",
					"-lpthread",
				);
				PRODUCT_BUNDLE_IDENTIFIER = io.github.deestiz.sm64modern;
				PRODUCT_NAME = "SM64 Modern";
				SDKROOT = macosx;
			};
			name = Release;
		};
		F472F813A5AA0FB7B93BEFEA /* Debug */ = {
			isa = XCBuildConfiguration;
			buildSettings = {
				ALWAYS_SEARCH_USER_PATHS = NO;
				ARCHS = arm64;
				CLANG_ANALYZER_NONNULL = YES;
				CLANG_ANALYZER_NUMBER_OBJECT_CONVERSION = YES_AGGRESSIVE;
				CLANG_CXX_LANGUAGE_STANDARD = "gnu++14";
				CLANG_CXX_LIBRARY = "libc++";
				CLANG_ENABLE_MODULES = YES;
				CLANG_ENABLE_OBJC_ARC = YES;
				CLANG_ENABLE_OBJC_WEAK = YES;
				CLANG_WARN_BLOCK_CAPTURE_AUTORELEASING = YES;
				CLANG_WARN_BOOL_CONVERSION = YES;
				CLANG_WARN_COMMA = YES;
				CLANG_WARN_CONSTANT_CONVERSION = YES;
				CLANG_WARN_DEPRECATED_OBJC_IMPLEMENTATIONS = YES;
				CLANG_WARN_DIRECT_OBJC_ISA_USAGE = YES_ERROR;
				CLANG_WARN_DOCUMENTATION_COMMENTS = YES;
				CLANG_WARN_EMPTY_BODY = YES;
				CLANG_WARN_ENUM_CONVERSION = YES;
				CLANG_WARN_INFINITE_RECURSION = YES;
				CLANG_WARN_INT_CONVERSION = YES;
				CLANG_WARN_NON_LITERAL_NULL_CONVERSION = YES;
				CLANG_WARN_OBJC_IMPLICIT_RETAIN_SELF = YES;
				CLANG_WARN_OBJC_LITERAL_CONVERSION = YES;
				CLANG_WARN_OBJC_ROOT_CLASS = YES_ERROR;
				CLANG_WARN_QUOTED_INCLUDE_IN_FRAMEWORK_HEADER = YES;
				CLANG_WARN_RANGE_LOOP_ANALYSIS = YES;
				CLANG_WARN_STRICT_PROTOTYPES = YES;
				CLANG_WARN_SUSPICIOUS_MOVE = YES;
				CLANG_WARN_UNGUARDED_AVAILABILITY = YES_AGGRESSIVE;
				CLANG_WARN_UNREACHABLE_CODE = YES;
				CLANG_WARN__DUPLICATE_METHOD_MATCH = YES;
				CODE_SIGNING_ALLOWED = NO;
				CODE_SIGN_IDENTITY = "Apple Development";
				CODE_SIGN_STYLE = Manual;
				COPY_PHASE_STRIP = NO;
				DEBUG_INFORMATION_FORMAT = dwarf;
				ENABLE_HARDENED_RUNTIME = YES;
				ENABLE_STRICT_OBJC_MSGSEND = YES;
				ENABLE_TESTABILITY = YES;
				GCC_C_LANGUAGE_STANDARD = gnu11;
				GCC_DYNAMIC_NO_PIC = NO;
				GCC_NO_COMMON_BLOCKS = YES;
				GCC_OPTIMIZATION_LEVEL = 0;
				GCC_PREPROCESSOR_DEFINITIONS = (
					"$(inherited)",
					"DEBUG=1",
				);
				GCC_WARN_64_TO_32_BIT_CONVERSION = YES;
				GCC_WARN_ABOUT_RETURN_TYPE = YES_ERROR;
				GCC_WARN_UNDECLARED_SELECTOR = YES;
				GCC_WARN_UNINITIALIZED_AUTOS = YES_AGGRESSIVE;
				GCC_WARN_UNUSED_FUNCTION = YES;
				GCC_WARN_UNUSED_VARIABLE = YES;
				MACOSX_DEPLOYMENT_TARGET = 27.0;
				MTL_ENABLE_DEBUG_INFO = INCLUDE_SOURCE;
				MTL_FAST_MATH = YES;
				ONLY_ACTIVE_ARCH = YES;
				PRODUCT_NAME = "$(TARGET_NAME)";
				SDKROOT = macosx;
				SWIFT_ACTIVE_COMPILATION_CONDITIONS = DEBUG;
				SWIFT_OBJC_BRIDGING_HEADER = "SM64Modern/SM64Modern-Bridging-Header.h";
				SWIFT_OPTIMIZATION_LEVEL = "-Onone";
				SWIFT_STRICT_CONCURRENCY = complete;
				SWIFT_VERSION = 6.0;
			};
			name = Debug;
		};
/* End XCBuildConfiguration section */

/* Begin XCConfigurationList section */
		0291C32FEC431797F057E6BB /* Build configuration list for PBXNativeTarget "SM64Modern" */ = {
			isa = XCConfigurationList;
			buildConfigurations = (
				32A1EB679CDFE0E5553F57C6 /* Debug */,
				9AFC102CE3ADA12B926CEE29 /* Release */,
			);
			defaultConfigurationIsVisible = 0;
			defaultConfigurationName = Debug;
		};
		4D13C784B72164008977D3D3 /* Build configuration list for PBXProject "SM64Modern" */ = {
			isa = XCConfigurationList;
			buildConfigurations = (
				F472F813A5AA0FB7B93BEFEA /* Debug */,
				70CBCE948286BDD10EA36C5B /* Release */,
			);
			defaultConfigurationIsVisible = 0;
			defaultConfigurationName = Debug;
		};
/* End XCConfigurationList section */
	};
	rootObject = 823DF4AAD95878A8794A3A5B /* Project object */;
}
